
Microsoft Visual Studio Solution File, Format Version 12.00
# Visual Studio Version 16
VisualStudioVersion = 16.0.30503.244
MinimumVisualStudioVersion = 10.0.40219.1
Project("{FAE04EC0-301F-11D3-BF4B-00C04F79EFBC}") = "ImageSpliter_WPF", "ImageSpliter_WPF\ImageSpliter_WPF.csproj", "{D64E6B73-E80D-41CC-9E11-095DD34A9F6D}"
EndProject
Global
	GlobalSection(SolutionConfigurationPlatforms) = preSolution
		Debug|Any CPU = Debug|Any CPU
		Release|Any CPU = Release|Any CPU
	EndGlobalSection
	GlobalSection(ProjectConfigurationPlatforms) = postSolution
		{D64E6B73-E80D-41CC-9E11-095DD34A9F6D}.Debug|Any CPU.ActiveCfg = Debug|Any CPU
		{D64E6B73-E80D-41CC-9E11-095DD34A9F6D}.Debug|Any CPU.Build.0 = Debug|Any CPU
		{D64E6B73-E80D-41CC-9E11-095DD34A9F6D}.Release|Any CPU.ActiveCfg = Release|Any CPU
		{D64E6B73-E80D-41CC-9E11-095DD34A9F6D}.Release|Any CPU.Build.0 = Release|Any CPU
	EndGlobalSection
	GlobalSection(SolutionProperties) = preSolution
		HideSolutionNode = FALSE
	EndGlobalSection
	GlobalSection(ExtensibilityGlobals) = postSolution
		SolutionGuid = {7F80E8D9-60CD-4159-844E-3AE9D4C6EE03}
	EndGlobalSection
EndGlobal
